{
  "name": "FirstWebApp",
  "lockfileVersion": 2,
  "requires": true,
  "packages": {
    "": {
      "dependencies": {
        "new": "^0.1.1"
      }
    },
    "node_modules/new": {
      "version": "0.1.1",
      "resolved": "https://registry.npmjs.org/new/-/new-0.1.1.tgz",
      "integrity": "sha1-43ggO+ZLQEpqlaqAmjXqmPOQeXI=",
      "bin": {
        "new.js": "new.js"
      },
      "engines": {
        "node": "*"
      }
    }
  },
  "dependencies": {
    "new": {
      "version": "0.1.1",
      "resolved": "https://registry.npmjs.org/new/-/new-0.1.1.tgz",
      "integrity": "sha1-43ggO+ZLQEpqlaqAmjXqmPOQeXI="
    }
  }
}
